{
  "version": 1,
  "dependencies": {
    "net8.0": {
      "Godot.SourceGenerators": {
        "type": "Direct",
        "requested": "[4.4.1, )",
        "resolved": "4.4.1",
        "contentHash": "V/cuX41BxippWGD79zrP2bhqfXkuyiy9OFuCkTu3flo7I6STSJca637TL2phe7rzROIFre0vQR1+PAMdsjO3zg=="
      },
      "GodotSharp": {
        "type": "Direct",
        "requested": "[4.4.1, )",
        "resolved": "4.4.1",
        "contentHash": "ghnQEo5LikQPfbCYcVxje8epffNCiyNG4zvGWUDRZRC1O+653+yqG3wdxk3+5RZsA3jaRuGKRavsGcnhLKe12g=="
      },
      "GodotSharpEditor": {
        "type": "Direct",
        "requested": "[4.4.1, )",
        "resolved": "4.4.1",
        "contentHash": "cc3nA24r/sjW8KxrNqfSQk4CQMQYcg/kYk5935R88IhGBdRuTH4miaBXPlzR/td5GR8i1oGtCMWyW8axpQ0DxA==",
        "dependencies": {
          "GodotSharp": "4.4.1"
        }
      },
      "facepunch.steamworks.posix": {
        "type": "Project"
      }
    }
  }
}